
Microsoft Visual Studio Solution File, Format Version 12.00
# Visual Studio Version 16
VisualStudioVersion = 16.0.30517.126
MinimumVisualStudioVersion = 10.0.40219.1
Project("{FAE04EC0-301F-11D3-BF4B-00C04F79EFBC}") = "SiteInspection", "SiteInspection\SiteInspection.csproj", "{98181372-5964-48E4-B2C5-507D192448C9}"
EndProject
Global
	GlobalSection(SolutionConfigurationPlatforms) = preSolution
		Debug|Any CPU = Debug|Any CPU
		Release|Any CPU = Release|Any CPU
	EndGlobalSection
	GlobalSection(ProjectConfigurationPlatforms) = postSolution
		{98181372-5964-48E4-B2C5-507D192448C9}.Debug|Any CPU.ActiveCfg = Debug|Any CPU
		{98181372-5964-48E4-B2C5-507D192448C9}.Debug|Any CPU.Build.0 = Debug|Any CPU
		{98181372-5964-48E4-B2C5-507D192448C9}.Release|Any CPU.ActiveCfg = Release|Any CPU
		{98181372-5964-48E4-B2C5-507D192448C9}.Release|Any CPU.Build.0 = Release|Any CPU
	EndGlobalSection
	GlobalSection(SolutionProperties) = preSolution
		HideSolutionNode = FALSE
	EndGlobalSection
	GlobalSection(ExtensibilityGlobals) = postSolution
		SolutionGuid = {A7527F34-78B4-4E4D-828D-4ED4DEF6C475}
	EndGlobalSection
EndGlobal
